
Microsoft Visual Studio Solution File, Format Version 10.00
# Visual Studio 2008
Project("{FAE04EC0-301F-11D3-BF4B-00C04F79EFBC}") = "ForexQuote", "ForexQuote\ForexQuote.csproj", "{BE2101F9-619A-4E73-ABD6-09F54DFA1A96}"
EndProject
Global
	GlobalSection(SolutionConfigurationPlatforms) = preSolution
		Debug|Any CPU = Debug|Any CPU
		Release|Any CPU = Release|Any CPU
	EndGlobalSection
	GlobalSection(ProjectConfigurationPlatforms) = postSolution
		{BE2101F9-619A-4E73-ABD6-09F54DFA1A96}.Debug|Any CPU.ActiveCfg = Debug|Any CPU
		{BE2101F9-619A-4E73-ABD6-09F54DFA1A96}.Debug|Any CPU.Build.0 = Debug|Any CPU
		{BE2101F9-619A-4E73-ABD6-09F54DFA1A96}.Release|Any CPU.ActiveCfg = Release|Any CPU
		{BE2101F9-619A-4E73-ABD6-09F54DFA1A96}.Release|Any CPU.Build.0 = Release|Any CPU
	EndGlobalSection
	GlobalSection(SolutionProperties) = preSolution
		HideSolutionNode = FALSE
	EndGlobalSection
EndGlobal
